
Microsoft Visual Studio Solution File, Format Version 12.00
# Visual Studio Version 17
VisualStudioVersion = 17.5.002.0
MinimumVisualStudioVersion = 10.0.40219.1
Project("{9A19103F-16F7-4668-BE54-9A1E7A4F7556}") = "DesafioPOO", "DesafioPOO.csproj", "{9FEDFD50-9743-4D7C-9E3B-F21530A5FE10}"
EndProject
Global
	GlobalSection(SolutionConfigurationPlatforms) = preSolution
		Debug|Any CPU = Debug|Any CPU
		Release|Any CPU = Release|Any CPU
	EndGlobalSection
	GlobalSection(ProjectConfigurationPlatforms) = postSolution
		{9FEDFD50-9743-4D7C-9E3B-F21530A5FE10}.Debug|Any CPU.ActiveCfg = Debug|Any CPU
		{9FEDFD50-9743-4D7C-9E3B-F21530A5FE10}.Debug|Any CPU.Build.0 = Debug|Any CPU
		{9FEDFD50-9743-4D7C-9E3B-F21530A5FE10}.Release|Any CPU.ActiveCfg = Release|Any CPU
		{9FEDFD50-9743-4D7C-9E3B-F21530A5FE10}.Release|Any CPU.Build.0 = Release|Any CPU
	EndGlobalSection
	GlobalSection(SolutionProperties) = preSolution
		HideSolutionNode = FALSE
	EndGlobalSection
	GlobalSection(ExtensibilityGlobals) = postSolution
		SolutionGuid = {61051E62-EC4F-45E4-803B-B0E2F3BDC4FF}
	EndGlobalSection
EndGlobal
